
Microsoft Visual Studio Solution File, Format Version 12.00
# Visual Studio 15
VisualStudioVersion = 15.0.28010.2016
MinimumVisualStudioVersion = 10.0.40219.1
Project("{8BC9CEB8-8B4A-11D0-8D11-00A0C91BC942}") = "raygameDoomHealthandArmor", "raygame\raygame.vcxproj", "{100AB646-1529-43F3-B9D1-2C0A798642FF}"
EndProject
Project("{8BC9CEB8-8B4A-11D0-8D11-00A0C91BC942}") = "RaylibWizardVsBarbarian", "raygame2\raygame2.vcxproj", "{7414D0E5-6F25-4530-BE0E-3482477F76F7}"
EndProject
Project("{8BC9CEB8-8B4A-11D0-8D11-00A0C91BC942}") = "raylibInheritance", "raylibInheritance\raylibInheritance.vcxproj", "{F020FED3-7DFE-4C3A-9343-674F775DFF82}"
EndProject
Project("{8BC9CEB8-8B4A-11D0-8D11-00A0C91BC942}") = "raygamePolymorph", "raygamePolymorph\raygamePolymorph.vcxproj", "{78CAD1F9-BB5B-45BF-A033-6BAB7C87FD1B}"
EndProject
Project("{8BC9CEB8-8B4A-11D0-8D11-00A0C91BC942}") = "raygameTemplate", "raygameTemplate\raygameTemplate.vcxproj", "{FEB11E05-6948-4B2B-A247-E568E8BBFDFA}"
EndProject
Project("{8BC9CEB8-8B4A-11D0-8D11-00A0C91BC942}") = "raygameConstandTypedef", "raygameConstandTypedef\raygameConstandTypedef.vcxproj", "{3E3FDF7A-E921-450B-80DD-23A8440F0492}"
EndProject
Project("{8BC9CEB8-8B4A-11D0-8D11-00A0C91BC942}") = "raygameDynamicArrarys", "raygameDynamicArrarys\raygameDynamicArrarys.vcxproj", "{B01C1A08-ECC4-48B9-8451-135F3E8406F5}"
EndProject
Project("{8BC9CEB8-8B4A-11D0-8D11-00A0C91BC942}") = "LinkedLists", "LinkedLists\LinkedLists.vcxproj", "{6465DF1F-0CE2-449D-B889-EB416EB23371}"
EndProject
Global
	GlobalSection(SolutionConfigurationPlatforms) = preSolution
		Debug|x64 = Debug|x64
		Debug|x86 = Debug|x86
		Release|x64 = Release|x64
		Release|x86 = Release|x86
	EndGlobalSection
	GlobalSection(ProjectConfigurationPlatforms) = postSolution
		{100AB646-1529-43F3-B9D1-2C0A798642FF}.Debug|x64.ActiveCfg = Debug|x64
		{100AB646-1529-43F3-B9D1-2C0A798642FF}.Debug|x64.Build.0 = Debug|x64
		{100AB646-1529-43F3-B9D1-2C0A798642FF}.Debug|x86.ActiveCfg = Debug|Win32
		{100AB646-1529-43F3-B9D1-2C0A798642FF}.Debug|x86.Build.0 = Debug|Win32
		{100AB646-1529-43F3-B9D1-2C0A798642FF}.Release|x64.ActiveCfg = Release|x64
		{100AB646-1529-43F3-B9D1-2C0A798642FF}.Release|x64.Build.0 = Release|x64
		{100AB646-1529-43F3-B9D1-2C0A798642FF}.Release|x86.ActiveCfg = Release|Win32
		{100AB646-1529-43F3-B9D1-2C0A798642FF}.Release|x86.Build.0 = Release|Win32
		{7414D0E5-6F25-4530-BE0E-3482477F76F7}.Debug|x64.ActiveCfg = Debug|x64
		{7414D0E5-6F25-4530-BE0E-3482477F76F7}.Debug|x64.Build.0 = Debug|x64
		{7414D0E5-6F25-4530-BE0E-3482477F76F7}.Debug|x86.ActiveCfg = Debug|Win32
		{7414D0E5-6F25-4530-BE0E-3482477F76F7}.Debug|x86.Build.0 = Debug|Win32
		{7414D0E5-6F25-4530-BE0E-3482477F76F7}.Release|x64.ActiveCfg = Release|x64
		{7414D0E5-6F25-4530-BE0E-3482477F76F7}.Release|x64.Build.0 = Release|x64
		{7414D0E5-6F25-4530-BE0E-3482477F76F7}.Release|x86.ActiveCfg = Release|Win32
		{7414D0E5-6F25-4530-BE0E-3482477F76F7}.Release|x86.Build.0 = Release|Win32
		{F020FED3-7DFE-4C3A-9343-674F775DFF82}.Debug|x64.ActiveCfg = Debug|x64
		{F020FED3-7DFE-4C3A-9343-674F775DFF82}.Debug|x64.Build.0 = Debug|x64
		{F020FED3-7DFE-4C3A-9343-674F775DFF82}.Debug|x86.ActiveCfg = Debug|Win32
		{F020FED3-7DFE-4C3A-9343-674F775DFF82}.Debug|x86.Build.0 = Debug|Win32
		{F020FED3-7DFE-4C3A-9343-674F775DFF82}.Release|x64.ActiveCfg = Release|x64
		{F020FED3-7DFE-4C3A-9343-674F775DFF82}.Release|x64.Build.0 = Release|x64
		{F020FED3-7DFE-4C3A-9343-674F775DFF82}.Release|x86.ActiveCfg = Release|Win32
		{F020FED3-7DFE-4C3A-9343-674F775DFF82}.Release|x86.Build.0 = Release|Win32
		{78CAD1F9-BB5B-45BF-A033-6BAB7C87FD1B}.Debug|x64.ActiveCfg = Debug|x64
		{78CAD1F9-BB5B-45BF-A033-6BAB7C87FD1B}.Debug|x64.Build.0 = Debug|x64
		{78CAD1F9-BB5B-45BF-A033-6BAB7C87FD1B}.Debug|x86.ActiveCfg = Debug|Win32
		{78CAD1F9-BB5B-45BF-A033-6BAB7C87FD1B}.Debug|x86.Build.0 = Debug|Win32
		{78CAD1F9-BB5B-45BF-A033-6BAB7C87FD1B}.Release|x64.ActiveCfg = Release|x64
		{78CAD1F9-BB5B-45BF-A033-6BAB7C87FD1B}.Release|x64.Build.0 = Release|x64
		{78CAD1F9-BB5B-45BF-A033-6BAB7C87FD1B}.Release|x86.ActiveCfg = Release|Win32
		{78CAD1F9-BB5B-45BF-A033-6BAB7C87FD1B}.Release|x86.Build.0 = Release|Win32
		{FEB11E05-6948-4B2B-A247-E568E8BBFDFA}.Debug|x64.ActiveCfg = Debug|x64
		{FEB11E05-6948-4B2B-A247-E568E8BBFDFA}.Debug|x64.Build.0 = Debug|x64
		{FEB11E05-6948-4B2B-A247-E568E8BBFDFA}.Debug|x86.ActiveCfg = Debug|Win32
		{FEB11E05-6948-4B2B-A247-E568E8BBFDFA}.Debug|x86.Build.0 = Debug|Win32
		{FEB11E05-6948-4B2B-A247-E568E8BBFDFA}.Release|x64.ActiveCfg = Release|x64
		{FEB11E05-6948-4B2B-A247-E568E8BBFDFA}.Release|x64.Build.0 = Release|x64
		{FEB11E05-6948-4B2B-A247-E568E8BBFDFA}.Release|x86.ActiveCfg = Release|Win32
		{FEB11E05-6948-4B2B-A247-E568E8BBFDFA}.Release|x86.Build.0 = Release|Win32
		{3E3FDF7A-E921-450B-80DD-23A8440F0492}.Debug|x64.ActiveCfg = Debug|x64
		{3E3FDF7A-E921-450B-80DD-23A8440F0492}.Debug|x64.Build.0 = Debug|x64
		{3E3FDF7A-E921-450B-80DD-23A8440F0492}.Debug|x86.ActiveCfg = Debug|Win32
		{3E3FDF7A-E921-450B-80DD-23A8440F0492}.Debug|x86.Build.0 = Debug|Win32
		{3E3FDF7A-E921-450B-80DD-23A8440F0492}.Release|x64.ActiveCfg = Release|x64
		{3E3FDF7A-E921-450B-80DD-23A8440F0492}.Release|x64.Build.0 = Release|x64
		{3E3FDF7A-E921-450B-80DD-23A8440F0492}.Release|x86.ActiveCfg = Release|Win32
		{3E3FDF7A-E921-450B-80DD-23A8440F0492}.Release|x86.Build.0 = Release|Win32
		{B01C1A08-ECC4-48B9-8451-135F3E8406F5}.Debug|x64.ActiveCfg = Debug|x64
		{B01C1A08-ECC4-48B9-8451-135F3E8406F5}.Debug|x64.Build.0 = Debug|x64
		{B01C1A08-ECC4-48B9-8451-135F3E8406F5}.Debug|x86.ActiveCfg = Debug|Win32
		{B01C1A08-ECC4-48B9-8451-135F3E8406F5}.Debug|x86.Build.0 = Debug|Win32
		{B01C1A08-ECC4-48B9-8451-135F3E8406F5}.Release|x64.ActiveCfg = Release|x64
		{B01C1A08-ECC4-48B9-8451-135F3E8406F5}.Release|x64.Build.0 = Release|x64
		{B01C1A08-ECC4-48B9-8451-135F3E8406F5}.Release|x86.ActiveCfg = Release|Win32
		{B01C1A08-ECC4-48B9-8451-135F3E8406F5}.Release|x86.Build.0 = Release|Win32
		{6465DF1F-0CE2-449D-B889-EB416EB23371}.Debug|x64.ActiveCfg = Debug|x64
		{6465DF1F-0CE2-449D-B889-EB416EB23371}.Debug|x64.Build.0 = Debug|x64
		{6465DF1F-0CE2-449D-B889-EB416EB23371}.Debug|x86.ActiveCfg = Debug|Win32
		{6465DF1F-0CE2-449D-B889-EB416EB23371}.Debug|x86.Build.0 = Debug|Win32
		{6465DF1F-0CE2-449D-B889-EB416EB23371}.Release|x64.ActiveCfg = Release|x64
		{6465DF1F-0CE2-449D-B889-EB416EB23371}.Release|x64.Build.0 = Release|x64
		{6465DF1F-0CE2-449D-B889-EB416EB23371}.Release|x86.ActiveCfg = Release|Win32
		{6465DF1F-0CE2-449D-B889-EB416EB23371}.Release|x86.Build.0 = Release|Win32
	EndGlobalSection
	GlobalSection(SolutionProperties) = preSolution
		HideSolutionNode = FALSE
	EndGlobalSection
	GlobalSection(ExtensibilityGlobals) = postSolution
		SolutionGuid = {2B7D185B-8DCA-4523-AF9D-1D81DEF37C04}
	EndGlobalSection
EndGlobal
